PODS:
  - Alamofire (4.7.0)
  - AlamofireNetworkActivityIndicator (2.2.0):
    - Alamofire (~> 4.5)
  - KeychainSwift (10.0.0)
  - SwiftSoup (1.6.2)

DEPENDENCIES:
  - Alamofire (~> 4.7)
  - AlamofireNetworkActivityIndicator (~> 2.2)
  - KeychainSwift (~> 10.0)
  - SwiftSoup

SPEC CHECKSUMS:
  Alamofire: 907e0a98eb68cdb7f9d1f541a563d6ac5dc77b25
  AlamofireNetworkActivityIndicator: 81e1630e7cfed22a4e4e82a174c59e651dc4f8ca
  KeychainSwift: f9f7910449a0c0fd2cabc889121530dd2c477c33
  SwiftSoup: 390f651d9d3937c538e41219a98e5d6658a4405f

PODFILE CHECKSUM: 3b785dee756d474376eb809575e01d951f35b7a4

COCOAPODS: 1.4.0
